<?xml version="1.0" encoding="utf-8"?>
<Project ToolsVersion="4.0" xmlns="http://schemas.microsoft.com/developer/msbuild/2003">
  <ItemGroup>
    <Filter Include="Source Files">
      <UniqueIdentifier>{4FC737F1-C7A5-4376-A066-2A32D752A2FF}</UniqueIdentifier>
      <Extensions>cpp;c;cc;cxx;def;odl;idl;hpj;bat;asm;asmx</Extensions>
    </Filter>
    <Filter Include="Header Files">
      <UniqueIdentifier>{93995380-89BD-4b04-88EB-625FBE52EBFB}</UniqueIdentifier>
      <Extensions>h;hh;hpp;hxx;hm;inl;inc;ipp;xsd</Extensions>
    </Filter>
    <Filter Include="Resource Files">
      <UniqueIdentifier>{67DA6AB6-F800-4c08-8B7A-83BB121AAD01}</UniqueIdentifier>
      <Extensions>rc;ico;cur;bmp;dlg;rc2;rct;bin;rgs;gif;jpg;jpeg;jpe;resx;tiff;tif;png;wav;mfcribbon-ms</Extensions>
    </Filter>
    <Filter Include="MNView">
      <UniqueIdentifier>{ec55f79f-a138-424a-b429-90a426b6f6ab}</UniqueIdentifier>
    </Filter>
  </ItemGroup>
  <ItemGroup>
    <ClInclude Include="MooN.h">
      <Filter>Header Files</Filter>
    </ClInclude>
    <ClInclude Include="stdafx.h">
      <Filter>Header Files</Filter>
    </ClInclude>
    <ClInclude Include="targetver.h">
      <Filter>Header Files</Filter>
    </ClInclude>
    <ClInclude Include="MainFrm.h">
      <Filter>Header Files</Filter>
    </ClInclude>
    <ClInclude Include="MooNDoc.h">
      <Filter>Header Files</Filter>
    </ClInclude>
    <ClInclude Include="MooNView.h">
      <Filter>Header Files</Filter>
    </ClInclude>
    <ClInclude Include="Resource.h">
      <Filter>Header Files</Filter>
    </ClInclude>
    <ClInclude Include="GLCamera.h">
      <Filter>MNView</Filter>
    </ClInclude>
    <ClInclude Include="GLLayer.h">
      <Filter>MNView</Filter>
    </ClInclude>
    <ClInclude Include="GLLayer2D.h">
      <Filter>MNView</Filter>
    </ClInclude>
    <ClInclude Include="GLLayer3D.h">
      <Filter>MNView</Filter>
    </ClInclude>
    <ClInclude Include="CGLButton.h">
      <Filter>MNView</Filter>
    </ClInclude>
    <ClInclude Include="data_type.h">
      <Filter>Header Files</Filter>
    </ClInclude>
    <ClInclude Include="MNSingletone.h">
      <Filter>Header Files</Filter>
    </ClInclude>
    <ClInclude Include="CGLCVCommon.h">
      <Filter>Header Files</Filter>
    </ClInclude>
    <ClInclude Include="DragDropTreeCtrl.h">
      <Filter>Header Files</Filter>
    </ClInclude>
    <ClInclude Include="DragEventListener.h">
      <Filter>Header Files</Filter>
    </ClInclude>
    <ClInclude Include="FileView.h">
      <Filter>Header Files</Filter>
    </ClInclude>
    <ClInclude Include="OutputWnd.h">
      <Filter>Header Files</Filter>
    </ClInclude>
    <ClInclude Include="CMNFileManager.h">
      <Filter>Header Files</Filter>
    </ClInclude>
    <ClInclude Include="CMNData.h">
      <Filter>Header Files</Filter>
    </ClInclude>
    <ClInclude Include="CMNObject.h">
      <Filter>Header Files</Filter>
    </ClInclude>
    <ClInclude Include="CMNObjectImage.h">
      <Filter>Header Files</Filter>
    </ClInclude>
    <ClInclude Include="CFormDLUI.h">
      <Filter>Header Files</Filter>
    </ClInclude>
    <ClInclude Include="FormUIView.h">
      <Filter>Header Files</Filter>
    </ClInclude>
  </ItemGroup>
  <ItemGroup>
    <ClCompile Include="MooN.cpp">
      <Filter>Source Files</Filter>
    </ClCompile>
    <ClCompile Include="stdafx.cpp">
      <Filter>Source Files</Filter>
    </ClCompile>
    <ClCompile Include="MainFrm.cpp">
      <Filter>Source Files</Filter>
    </ClCompile>
    <ClCompile Include="MooNDoc.cpp">
      <Filter>Source Files</Filter>
    </ClCompile>
    <ClCompile Include="MooNView.cpp">
      <Filter>Source Files</Filter>
    </ClCompile>
    <ClCompile Include="GLCamera.cpp">
      <Filter>MNView</Filter>
    </ClCompile>
    <ClCompile Include="GLLayer.cpp">
      <Filter>MNView</Filter>
    </ClCompile>
    <ClCompile Include="GLLayer2D.cpp">
      <Filter>MNView</Filter>
    </ClCompile>
    <ClCompile Include="GLLayer3D.cpp">
      <Filter>MNView</Filter>
    </ClCompile>
    <ClCompile Include="CGLButton.cpp">
      <Filter>MNView</Filter>
    </ClCompile>
    <ClCompile Include="CGLCVCommon.cpp">
      <Filter>Source Files</Filter>
    </ClCompile>
    <ClCompile Include="DragDropTreeCtrl.cpp">
      <Filter>Source Files</Filter>
    </ClCompile>
    <ClCompile Include="FileView.cpp">
      <Filter>Source Files</Filter>
    </ClCompile>
    <ClCompile Include="OutputWnd.cpp">
      <Filter>Source Files</Filter>
    </ClCompile>
    <ClCompile Include="CMNFileManager.cpp">
      <Filter>Source Files</Filter>
    </ClCompile>
    <ClCompile Include="CMNData.cpp">
      <Filter>Source Files</Filter>
    </ClCompile>
    <ClCompile Include="CMNObject.cpp">
      <Filter>Source Files</Filter>
    </ClCompile>
    <ClCompile Include="CMNObjectImage.cpp">
      <Filter>Source Files</Filter>
    </ClCompile>
    <ClCompile Include="CFormDLUI.cpp">
      <Filter>Source Files</Filter>
    </ClCompile>
    <ClCompile Include="FormUIView.cpp">
      <Filter>Source Files</Filter>
    </ClCompile>
  </ItemGroup>
  <ItemGroup>
    <ResourceCompile Include="MooN.rc">
      <Filter>Resource Files</Filter>
    </ResourceCompile>
  </ItemGroup>
  <ItemGroup>
    <Image Include="res\userimages.bmp">
      <Filter>Resource Files</Filter>
    </Image>
    <Image Include="res\MooNDoc.ico">
      <Filter>Resource Files</Filter>
    </Image>
    <Image Include="res\MooN.ico">
      <Filter>Resource Files</Filter>
    </Image>
    <Image Include="res\Toolbar.bmp">
      <Filter>Resource Files</Filter>
    </Image>
    <Image Include="res\Toolbar256.bmp">
      <Filter>Resource Files</Filter>
    </Image>
    <Image Include="res\bitmap1.bmp">
      <Filter>Resource Files</Filter>
    </Image>
    <Image Include="res\fileview_hc.bmp">
      <Filter>Resource Files</Filter>
    </Image>
  </ItemGroup>
  <ItemGroup>
    <None Include="res\MooN.rc2">
      <Filter>Resource Files</Filter>
    </None>
  </ItemGroup>
</Project>